
Microsoft Visual Studio Solution File, Format Version 12.00
# Visual Studio 2012
Project("{FAE04EC0-301F-11D3-BF4B-00C04F79EFBC}") = "DotNet.WinForm", "DotNet.WinForm\DotNet.WinForm.csproj", "{759071DB-6E64-431A-AC94-5D0962213379}"
EndProject
Project("{FAE04EC0-301F-11D3-BF4B-00C04F79EFBC}") = "DotNet.Utilities", "DotNet.Utilities\DotNet.Utilities.csproj", "{CC7ED3AE-009F-41B0-B2CE-3345DDCDCA33}"
EndProject
Project("{FAE04EC0-301F-11D3-BF4B-00C04F79EFBC}") = "DotNet.DbUtilities", "DotNet.DbUtilities\DotNet.DbUtilities.csproj", "{12D788ED-059D-4ABF-B2D1-2F7A2946D489}"
EndProject
Project("{FAE04EC0-301F-11D3-BF4B-00C04F79EFBC}") = "DotNet.Model", "DotNet.Model\DotNet.Model.csproj", "{0E239CE9-7FEC-45B2-B2EC-258F49DFE269}"
EndProject
Project("{FAE04EC0-301F-11D3-BF4B-00C04F79EFBC}") = "DotNet.Business", "DotNet.Business\DotNet.Business.csproj", "{0F89149D-4F6E-45B2-912A-E3E052CEE2BA}"
EndProject
Project("{FAE04EC0-301F-11D3-BF4B-00C04F79EFBC}") = "DotNet.IService", "DotNet.IService\DotNet.IService.csproj", "{E959A128-F19F-4A23-BEA3-880926605E4F}"
EndProject
Project("{FAE04EC0-301F-11D3-BF4B-00C04F79EFBC}") = "DotNet.Service", "DotNet.Service\DotNet.Service.csproj", "{5621B388-2B29-4D07-8A00-D7FB7DCCD9CC}"
EndProject
Project("{FAE04EC0-301F-11D3-BF4B-00C04F79EFBC}") = "DotNet.Example", "DotNet.Example\DotNet.Example.csproj", "{9EC8D2B8-4223-4FBA-81BE-3A8D904DA599}"
EndProject
Project("{2150E333-8FDC-42A3-9474-1A3956D46DE8}") = "DotNet.Winforms", "DotNet.Winforms", "{01C1AA05-4D63-4B5C-8F98-87D3E19C3CC9}"
EndProject
Project("{FAE04EC0-301F-11D3-BF4B-00C04F79EFBC}") = "DotNet.WinForm.BusinessCard", "DotNet.WinForms\DotNet.WinForm.BusinessCard\DotNet.WinForm.BusinessCard.csproj", "{12F14A11-52B8-4816-97D5-25036E36BEB0}"
EndProject
Project("{FAE04EC0-301F-11D3-BF4B-00C04F79EFBC}") = "DotNet.WinForm.CodeBuilder", "DotNet.WinForms\DotNet.WinForm.CodeBuilder\DotNet.WinForm.CodeBuilder.csproj", "{75C3E17B-CD9D-4D0B-B16F-6BF3867E27D8}"
EndProject
Project("{FAE04EC0-301F-11D3-BF4B-00C04F79EFBC}") = "DotNet.WinForm.Files", "DotNet.WinForms\DotNet.WinForm.File\DotNet.WinForm.Files.csproj", "{C4524C81-2A1F-4FE1-88CB-B8FD5E9AED22}"
EndProject
Project("{FAE04EC0-301F-11D3-BF4B-00C04F79EFBC}") = "DotNet.WinForm.ItemDetails", "DotNet.WinForms\DotNet.WinForm.ItemDetails\DotNet.WinForm.ItemDetails.csproj", "{BCAF99C4-3685-4B59-B657-80E81CC8FDF4}"
EndProject
Project("{FAE04EC0-301F-11D3-BF4B-00C04F79EFBC}") = "DotNet.WinForm.Sequence", "DotNet.WinForms\DotNet.WinForm.Sequence\DotNet.WinForm.Sequence.csproj", "{7FB55A9B-9AF0-40BE-9088-4A2C5A723DCB}"
EndProject
Project("{FAE04EC0-301F-11D3-BF4B-00C04F79EFBC}") = "DotNet.WinForm.Message", "DotNet.WinForms\DotNet.WinForm.Message\DotNet.WinForm.Message.csproj", "{C7AC801E-968F-4025-8D7E-17334C90455A}"
EndProject
Project("{FAE04EC0-301F-11D3-BF4B-00C04F79EFBC}") = "DotNet.WinForm.Login", "DotNet.WinForms\DotNet.WinForm.Login\DotNet.WinForm.Login.csproj", "{879CB55F-3C28-4C51-87D3-95F7A9EDF513}"
EndProject
Project("{FAE04EC0-301F-11D3-BF4B-00C04F79EFBC}") = "DotNet.WinForm.Log", "DotNet.WinForms\DotNet.WinForm.Log\DotNet.WinForm.Log.csproj", "{F99B0E1B-916D-44BF-9411-DF338AB57D1B}"
EndProject
Project("{FAE04EC0-301F-11D3-BF4B-00C04F79EFBC}") = "DotNet.WinForm.Comment", "DotNet.WinForms\DotNet.WinForm.Comment\DotNet.WinForm.Comment.csproj", "{D670729D-892C-4B4D-9B80-FABDE1836046}"
EndProject
Project("{FAE04EC0-301F-11D3-BF4B-00C04F79EFBC}") = "DotNet.WinForm.Module", "DotNet.WinForms\DotNet.WinForm.Module\DotNet.WinForm.Module.csproj", "{A39139F8-0BB3-4F43-9877-FDBB27E01381}"
EndProject
Project("{FAE04EC0-301F-11D3-BF4B-00C04F79EFBC}") = "DotNet.WinForm.Organization", "DotNet.WinForms\DotNet.WinForm.Organization\DotNet.WinForm.Organization.csproj", "{89FEC02D-1049-48A3-98B7-466425981137}"
EndProject
Project("{FAE04EC0-301F-11D3-BF4B-00C04F79EFBC}") = "DotNet.WinForm.Permission", "DotNet.WinForms\DotNet.WinForm.Permission\DotNet.WinForm.Permission.csproj", "{CE22BFCB-56CF-4DAF-AE41-7EF7CDCE8283}"
EndProject
Project("{FAE04EC0-301F-11D3-BF4B-00C04F79EFBC}") = "DotNet.WinForm.Staff", "DotNet.WinForms\DotNet.WinForm.Staff\DotNet.WinForm.Staff.csproj", "{7D98D386-1086-4B2A-91D7-B221F90C3E78}"
EndProject
Project("{FAE04EC0-301F-11D3-BF4B-00C04F79EFBC}") = "DotNet.BaseManagers", "DotNet.BaseManager\DotNet.BaseManagers.csproj", "{728246B7-8F5B-4ED6-8276-2A1AC73CC22E}"
EndProject
Project("{FAE04EC0-301F-11D3-BF4B-00C04F79EFBC}") = "DotNet.Manager", "DotNet.Manager\DotNet.Manager.csproj", "{0431EC75-824C-4CA9-A350-DFDC28C5B6D2}"
EndProject
Project("{FAE04EC0-301F-11D3-BF4B-00C04F79EFBC}") = "DotNet.WinForm.Role", "DotNet.WinForms\DotNet.WinForm.Role\DotNet.WinForm.Role.csproj", "{C3E7A2CE-0871-4953-A9A5-3A5E1FF90E17}"
EndProject
Project("{FAE04EC0-301F-11D3-BF4B-00C04F79EFBC}") = "DotNet.WinForm.Common", "DotNet.WinForms\DotNet.WinForm.Common\DotNet.WinForm.Common.csproj", "{8329D3F6-CBEB-4D81-BF42-8B9D61416A73}"
EndProject
Project("{FAE04EC0-301F-11D3-BF4B-00C04F79EFBC}") = "DotNet.WinForm.Duty", "DotNet.WinForms\DotNet.WinForm.Duty\DotNet.WinForm.Duty.csproj", "{2736BD79-EE83-4F1C-987E-C5D057A3D226}"
EndProject
Project("{FAE04EC0-301F-11D3-BF4B-00C04F79EFBC}") = "DotNet.WinForm.User", "DotNet.WinForms\DotNet.WinForm.User\DotNet.WinForm.User.csproj", "{F3B73D0F-C5D0-45D9-8101-DC6BC8373CF5}"
EndProject
Global
	GlobalSection(SolutionConfigurationPlatforms) = preSolution
		Debug|Any CPU = Debug|Any CPU
		Release|Any CPU = Release|Any CPU
	EndGlobalSection
	GlobalSection(ProjectConfigurationPlatforms) = postSolution
		{759071DB-6E64-431A-AC94-5D0962213379}.Debug|Any CPU.ActiveCfg = Debug|Any CPU
		{759071DB-6E64-431A-AC94-5D0962213379}.Debug|Any CPU.Build.0 = Debug|Any CPU
		{759071DB-6E64-431A-AC94-5D0962213379}.Release|Any CPU.ActiveCfg = Release|Any CPU
		{759071DB-6E64-431A-AC94-5D0962213379}.Release|Any CPU.Build.0 = Release|Any CPU
		{CC7ED3AE-009F-41B0-B2CE-3345DDCDCA33}.Debug|Any CPU.ActiveCfg = Debug|Any CPU
		{CC7ED3AE-009F-41B0-B2CE-3345DDCDCA33}.Debug|Any CPU.Build.0 = Debug|Any CPU
		{CC7ED3AE-009F-41B0-B2CE-3345DDCDCA33}.Release|Any CPU.ActiveCfg = Release|Any CPU
		{CC7ED3AE-009F-41B0-B2CE-3345DDCDCA33}.Release|Any CPU.Build.0 = Release|Any CPU
		{12D788ED-059D-4ABF-B2D1-2F7A2946D489}.Debug|Any CPU.ActiveCfg = Debug|Any CPU
		{12D788ED-059D-4ABF-B2D1-2F7A2946D489}.Debug|Any CPU.Build.0 = Debug|Any CPU
		{12D788ED-059D-4ABF-B2D1-2F7A2946D489}.Release|Any CPU.ActiveCfg = Release|Any CPU
		{12D788ED-059D-4ABF-B2D1-2F7A2946D489}.Release|Any CPU.Build.0 = Release|Any CPU
		{0E239CE9-7FEC-45B2-B2EC-258F49DFE269}.Debug|Any CPU.ActiveCfg = Debug|Any CPU
		{0E239CE9-7FEC-45B2-B2EC-258F49DFE269}.Debug|Any CPU.Build.0 = Debug|Any CPU
		{0E239CE9-7FEC-45B2-B2EC-258F49DFE269}.Release|Any CPU.ActiveCfg = Release|Any CPU
		{0E239CE9-7FEC-45B2-B2EC-258F49DFE269}.Release|Any CPU.Build.0 = Release|Any CPU
		{0F89149D-4F6E-45B2-912A-E3E052CEE2BA}.Debug|Any CPU.ActiveCfg = Debug|Any CPU
		{0F89149D-4F6E-45B2-912A-E3E052CEE2BA}.Debug|Any CPU.Build.0 = Debug|Any CPU
		{0F89149D-4F6E-45B2-912A-E3E052CEE2BA}.Release|Any CPU.ActiveCfg = Release|Any CPU
		{0F89149D-4F6E-45B2-912A-E3E052CEE2BA}.Release|Any CPU.Build.0 = Release|Any CPU
		{E959A128-F19F-4A23-BEA3-880926605E4F}.Debug|Any CPU.ActiveCfg = Debug|Any CPU
		{E959A128-F19F-4A23-BEA3-880926605E4F}.Debug|Any CPU.Build.0 = Debug|Any CPU
		{E959A128-F19F-4A23-BEA3-880926605E4F}.Release|Any CPU.ActiveCfg = Release|Any CPU
		{E959A128-F19F-4A23-BEA3-880926605E4F}.Release|Any CPU.Build.0 = Release|Any CPU
		{5621B388-2B29-4D07-8A00-D7FB7DCCD9CC}.Debug|Any CPU.ActiveCfg = Debug|Any CPU
		{5621B388-2B29-4D07-8A00-D7FB7DCCD9CC}.Debug|Any CPU.Build.0 = Debug|Any CPU
		{5621B388-2B29-4D07-8A00-D7FB7DCCD9CC}.Release|Any CPU.ActiveCfg = Release|Any CPU
		{5621B388-2B29-4D07-8A00-D7FB7DCCD9CC}.Release|Any CPU.Build.0 = Release|Any CPU
		{9EC8D2B8-4223-4FBA-81BE-3A8D904DA599}.Debug|Any CPU.ActiveCfg = Debug|Any CPU
		{9EC8D2B8-4223-4FBA-81BE-3A8D904DA599}.Debug|Any CPU.Build.0 = Debug|Any CPU
		{9EC8D2B8-4223-4FBA-81BE-3A8D904DA599}.Release|Any CPU.ActiveCfg = Release|Any CPU
		{9EC8D2B8-4223-4FBA-81BE-3A8D904DA599}.Release|Any CPU.Build.0 = Release|Any CPU
		{12F14A11-52B8-4816-97D5-25036E36BEB0}.Debug|Any CPU.ActiveCfg = Debug|Any CPU
		{12F14A11-52B8-4816-97D5-25036E36BEB0}.Debug|Any CPU.Build.0 = Debug|Any CPU
		{12F14A11-52B8-4816-97D5-25036E36BEB0}.Release|Any CPU.ActiveCfg = Release|Any CPU
		{12F14A11-52B8-4816-97D5-25036E36BEB0}.Release|Any CPU.Build.0 = Release|Any CPU
		{75C3E17B-CD9D-4D0B-B16F-6BF3867E27D8}.Debug|Any CPU.ActiveCfg = Debug|Any CPU
		{75C3E17B-CD9D-4D0B-B16F-6BF3867E27D8}.Debug|Any CPU.Build.0 = Debug|Any CPU
		{75C3E17B-CD9D-4D0B-B16F-6BF3867E27D8}.Release|Any CPU.ActiveCfg = Release|Any CPU
		{75C3E17B-CD9D-4D0B-B16F-6BF3867E27D8}.Release|Any CPU.Build.0 = Release|Any CPU
		{C4524C81-2A1F-4FE1-88CB-B8FD5E9AED22}.Debug|Any CPU.ActiveCfg = Debug|Any CPU
		{C4524C81-2A1F-4FE1-88CB-B8FD5E9AED22}.Debug|Any CPU.Build.0 = Debug|Any CPU
		{C4524C81-2A1F-4FE1-88CB-B8FD5E9AED22}.Release|Any CPU.ActiveCfg = Release|Any CPU
		{C4524C81-2A1F-4FE1-88CB-B8FD5E9AED22}.Release|Any CPU.Build.0 = Release|Any CPU
		{BCAF99C4-3685-4B59-B657-80E81CC8FDF4}.Debug|Any CPU.ActiveCfg = Debug|Any CPU
		{BCAF99C4-3685-4B59-B657-80E81CC8FDF4}.Debug|Any CPU.Build.0 = Debug|Any CPU
		{BCAF99C4-3685-4B59-B657-80E81CC8FDF4}.Release|Any CPU.ActiveCfg = Release|Any CPU
		{BCAF99C4-3685-4B59-B657-80E81CC8FDF4}.Release|Any CPU.Build.0 = Release|Any CPU
		{7FB55A9B-9AF0-40BE-9088-4A2C5A723DCB}.Debug|Any CPU.ActiveCfg = Debug|Any CPU
		{7FB55A9B-9AF0-40BE-9088-4A2C5A723DCB}.Debug|Any CPU.Build.0 = Debug|Any CPU
		{7FB55A9B-9AF0-40BE-9088-4A2C5A723DCB}.Release|Any CPU.ActiveCfg = Release|Any CPU
		{7FB55A9B-9AF0-40BE-9088-4A2C5A723DCB}.Release|Any CPU.Build.0 = Release|Any CPU
		{C7AC801E-968F-4025-8D7E-17334C90455A}.Debug|Any CPU.ActiveCfg = Debug|Any CPU
		{C7AC801E-968F-4025-8D7E-17334C90455A}.Debug|Any CPU.Build.0 = Debug|Any CPU
		{C7AC801E-968F-4025-8D7E-17334C90455A}.Release|Any CPU.ActiveCfg = Release|Any CPU
		{C7AC801E-968F-4025-8D7E-17334C90455A}.Release|Any CPU.Build.0 = Release|Any CPU
		{879CB55F-3C28-4C51-87D3-95F7A9EDF513}.Debug|Any CPU.ActiveCfg = Debug|Any CPU
		{879CB55F-3C28-4C51-87D3-95F7A9EDF513}.Debug|Any CPU.Build.0 = Debug|Any CPU
		{879CB55F-3C28-4C51-87D3-95F7A9EDF513}.Release|Any CPU.ActiveCfg = Release|Any CPU
		{879CB55F-3C28-4C51-87D3-95F7A9EDF513}.Release|Any CPU.Build.0 = Release|Any CPU
		{F99B0E1B-916D-44BF-9411-DF338AB57D1B}.Debug|Any CPU.ActiveCfg = Debug|Any CPU
		{F99B0E1B-916D-44BF-9411-DF338AB57D1B}.Debug|Any CPU.Build.0 = Debug|Any CPU
		{F99B0E1B-916D-44BF-9411-DF338AB57D1B}.Release|Any CPU.ActiveCfg = Release|Any CPU
		{F99B0E1B-916D-44BF-9411-DF338AB57D1B}.Release|Any CPU.Build.0 = Release|Any CPU
		{D670729D-892C-4B4D-9B80-FABDE1836046}.Debug|Any CPU.ActiveCfg = Debug|Any CPU
		{D670729D-892C-4B4D-9B80-FABDE1836046}.Debug|Any CPU.Build.0 = Debug|Any CPU
		{D670729D-892C-4B4D-9B80-FABDE1836046}.Release|Any CPU.ActiveCfg = Release|Any CPU
		{D670729D-892C-4B4D-9B80-FABDE1836046}.Release|Any CPU.Build.0 = Release|Any CPU
		{A39139F8-0BB3-4F43-9877-FDBB27E01381}.Debug|Any CPU.ActiveCfg = Debug|Any CPU
		{A39139F8-0BB3-4F43-9877-FDBB27E01381}.Debug|Any CPU.Build.0 = Debug|Any CPU
		{A39139F8-0BB3-4F43-9877-FDBB27E01381}.Release|Any CPU.ActiveCfg = Release|Any CPU
		{A39139F8-0BB3-4F43-9877-FDBB27E01381}.Release|Any CPU.Build.0 = Release|Any CPU
		{89FEC02D-1049-48A3-98B7-466425981137}.Debug|Any CPU.ActiveCfg = Debug|Any CPU
		{89FEC02D-1049-48A3-98B7-466425981137}.Debug|Any CPU.Build.0 = Debug|Any CPU
		{89FEC02D-1049-48A3-98B7-466425981137}.Release|Any CPU.ActiveCfg = Release|Any CPU
		{89FEC02D-1049-48A3-98B7-466425981137}.Release|Any CPU.Build.0 = Release|Any CPU
		{CE22BFCB-56CF-4DAF-AE41-7EF7CDCE8283}.Debug|Any CPU.ActiveCfg = Debug|Any CPU
		{CE22BFCB-56CF-4DAF-AE41-7EF7CDCE8283}.Debug|Any CPU.Build.0 = Debug|Any CPU
		{CE22BFCB-56CF-4DAF-AE41-7EF7CDCE8283}.Release|Any CPU.ActiveCfg = Release|Any CPU
		{CE22BFCB-56CF-4DAF-AE41-7EF7CDCE8283}.Release|Any CPU.Build.0 = Release|Any CPU
		{7D98D386-1086-4B2A-91D7-B221F90C3E78}.Debug|Any CPU.ActiveCfg = Debug|Any CPU
		{7D98D386-1086-4B2A-91D7-B221F90C3E78}.Debug|Any CPU.Build.0 = Debug|Any CPU
		{7D98D386-1086-4B2A-91D7-B221F90C3E78}.Release|Any CPU.ActiveCfg = Release|Any CPU
		{7D98D386-1086-4B2A-91D7-B221F90C3E78}.Release|Any CPU.Build.0 = Release|Any CPU
		{728246B7-8F5B-4ED6-8276-2A1AC73CC22E}.Debug|Any CPU.ActiveCfg = Debug|Any CPU
		{728246B7-8F5B-4ED6-8276-2A1AC73CC22E}.Debug|Any CPU.Build.0 = Debug|Any CPU
		{728246B7-8F5B-4ED6-8276-2A1AC73CC22E}.Release|Any CPU.ActiveCfg = Release|Any CPU
		{728246B7-8F5B-4ED6-8276-2A1AC73CC22E}.Release|Any CPU.Build.0 = Release|Any CPU
		{0431EC75-824C-4CA9-A350-DFDC28C5B6D2}.Debug|Any CPU.ActiveCfg = Debug|Any CPU
		{0431EC75-824C-4CA9-A350-DFDC28C5B6D2}.Debug|Any CPU.Build.0 = Debug|Any CPU
		{0431EC75-824C-4CA9-A350-DFDC28C5B6D2}.Release|Any CPU.ActiveCfg = Release|Any CPU
		{0431EC75-824C-4CA9-A350-DFDC28C5B6D2}.Release|Any CPU.Build.0 = Release|Any CPU
		{C3E7A2CE-0871-4953-A9A5-3A5E1FF90E17}.Debug|Any CPU.ActiveCfg = Debug|Any CPU
		{C3E7A2CE-0871-4953-A9A5-3A5E1FF90E17}.Debug|Any CPU.Build.0 = Debug|Any CPU
		{C3E7A2CE-0871-4953-A9A5-3A5E1FF90E17}.Release|Any CPU.ActiveCfg = Release|Any CPU
		{C3E7A2CE-0871-4953-A9A5-3A5E1FF90E17}.Release|Any CPU.Build.0 = Release|Any CPU
		{8329D3F6-CBEB-4D81-BF42-8B9D61416A73}.Debug|Any CPU.ActiveCfg = Debug|Any CPU
		{8329D3F6-CBEB-4D81-BF42-8B9D61416A73}.Debug|Any CPU.Build.0 = Debug|Any CPU
		{8329D3F6-CBEB-4D81-BF42-8B9D61416A73}.Release|Any CPU.ActiveCfg = Release|Any CPU
		{8329D3F6-CBEB-4D81-BF42-8B9D61416A73}.Release|Any CPU.Build.0 = Release|Any CPU
		{2736BD79-EE83-4F1C-987E-C5D057A3D226}.Debug|Any CPU.ActiveCfg = Debug|Any CPU
		{2736BD79-EE83-4F1C-987E-C5D057A3D226}.Debug|Any CPU.Build.0 = Debug|Any CPU
		{2736BD79-EE83-4F1C-987E-C5D057A3D226}.Release|Any CPU.ActiveCfg = Release|Any CPU
		{2736BD79-EE83-4F1C-987E-C5D057A3D226}.Release|Any CPU.Build.0 = Release|Any CPU
		{F3B73D0F-C5D0-45D9-8101-DC6BC8373CF5}.Debug|Any CPU.ActiveCfg = Debug|Any CPU
		{F3B73D0F-C5D0-45D9-8101-DC6BC8373CF5}.Debug|Any CPU.Build.0 = Debug|Any CPU
		{F3B73D0F-C5D0-45D9-8101-DC6BC8373CF5}.Release|Any CPU.ActiveCfg = Release|Any CPU
		{F3B73D0F-C5D0-45D9-8101-DC6BC8373CF5}.Release|Any CPU.Build.0 = Release|Any CPU
	EndGlobalSection
	GlobalSection(SolutionProperties) = preSolution
		HideSolutionNode = FALSE
	EndGlobalSection
	GlobalSection(NestedProjects) = preSolution
		{12F14A11-52B8-4816-97D5-25036E36BEB0} = {01C1AA05-4D63-4B5C-8F98-87D3E19C3CC9}
		{75C3E17B-CD9D-4D0B-B16F-6BF3867E27D8} = {01C1AA05-4D63-4B5C-8F98-87D3E19C3CC9}
		{C4524C81-2A1F-4FE1-88CB-B8FD5E9AED22} = {01C1AA05-4D63-4B5C-8F98-87D3E19C3CC9}
		{BCAF99C4-3685-4B59-B657-80E81CC8FDF4} = {01C1AA05-4D63-4B5C-8F98-87D3E19C3CC9}
		{7FB55A9B-9AF0-40BE-9088-4A2C5A723DCB} = {01C1AA05-4D63-4B5C-8F98-87D3E19C3CC9}
		{C7AC801E-968F-4025-8D7E-17334C90455A} = {01C1AA05-4D63-4B5C-8F98-87D3E19C3CC9}
		{879CB55F-3C28-4C51-87D3-95F7A9EDF513} = {01C1AA05-4D63-4B5C-8F98-87D3E19C3CC9}
		{F99B0E1B-916D-44BF-9411-DF338AB57D1B} = {01C1AA05-4D63-4B5C-8F98-87D3E19C3CC9}
		{D670729D-892C-4B4D-9B80-FABDE1836046} = {01C1AA05-4D63-4B5C-8F98-87D3E19C3CC9}
		{A39139F8-0BB3-4F43-9877-FDBB27E01381} = {01C1AA05-4D63-4B5C-8F98-87D3E19C3CC9}
		{89FEC02D-1049-48A3-98B7-466425981137} = {01C1AA05-4D63-4B5C-8F98-87D3E19C3CC9}
		{CE22BFCB-56CF-4DAF-AE41-7EF7CDCE8283} = {01C1AA05-4D63-4B5C-8F98-87D3E19C3CC9}
		{7D98D386-1086-4B2A-91D7-B221F90C3E78} = {01C1AA05-4D63-4B5C-8F98-87D3E19C3CC9}
		{C3E7A2CE-0871-4953-A9A5-3A5E1FF90E17} = {01C1AA05-4D63-4B5C-8F98-87D3E19C3CC9}
		{8329D3F6-CBEB-4D81-BF42-8B9D61416A73} = {01C1AA05-4D63-4B5C-8F98-87D3E19C3CC9}
		{2736BD79-EE83-4F1C-987E-C5D057A3D226} = {01C1AA05-4D63-4B5C-8F98-87D3E19C3CC9}
		{F3B73D0F-C5D0-45D9-8101-DC6BC8373CF5} = {01C1AA05-4D63-4B5C-8F98-87D3E19C3CC9}
	EndGlobalSection
EndGlobal
